
Microsoft Visual Studio Solution File, Format Version 12.00
# Visual Studio Version 16
VisualStudioVersion = 16.0.31313.79
MinimumVisualStudioVersion = 10.0.40219.1
Project("{FAE04EC0-301F-11D3-BF4B-00C04F79EFBC}") = "KindergartenJoy", "KindergartenJoy\KindergartenJoy.csproj", "{613C9A99-4DDF-4348-A00A-B60D33FEF0BC}"
EndProject
Project("{FAE04EC0-301F-11D3-BF4B-00C04F79EFBC}") = "ObavijestiService", "ObavijestiService\ObavijestiService.csproj", "{086B82BD-0D3C-429C-83B8-AE277E96C912}"
EndProject
Global
	GlobalSection(SolutionConfigurationPlatforms) = preSolution
		Debug|Any CPU = Debug|Any CPU
		Release|Any CPU = Release|Any CPU
	EndGlobalSection
	GlobalSection(ProjectConfigurationPlatforms) = postSolution
		{613C9A99-4DDF-4348-A00A-B60D33FEF0BC}.Debug|Any CPU.ActiveCfg = Debug|Any CPU
		{613C9A99-4DDF-4348-A00A-B60D33FEF0BC}.Debug|Any CPU.Build.0 = Debug|Any CPU
		{613C9A99-4DDF-4348-A00A-B60D33FEF0BC}.Release|Any CPU.ActiveCfg = Release|Any CPU
		{613C9A99-4DDF-4348-A00A-B60D33FEF0BC}.Release|Any CPU.Build.0 = Release|Any CPU
		{086B82BD-0D3C-429C-83B8-AE277E96C912}.Debug|Any CPU.ActiveCfg = Debug|Any CPU
		{086B82BD-0D3C-429C-83B8-AE277E96C912}.Debug|Any CPU.Build.0 = Debug|Any CPU
		{086B82BD-0D3C-429C-83B8-AE277E96C912}.Release|Any CPU.ActiveCfg = Release|Any CPU
		{086B82BD-0D3C-429C-83B8-AE277E96C912}.Release|Any CPU.Build.0 = Release|Any CPU
	EndGlobalSection
	GlobalSection(SolutionProperties) = preSolution
		HideSolutionNode = FALSE
	EndGlobalSection
	GlobalSection(ExtensibilityGlobals) = postSolution
		SolutionGuid = {8E4CD5AA-8B4C-4F50-930E-C5F569FEDE6C}
	EndGlobalSection
EndGlobal
